
Microsoft Visual Studio Solution File, Format Version 12.00
# Visual Studio Version 16
VisualStudioVersion = 16.0.29409.12
MinimumVisualStudioVersion = 10.0.40219.1
Project("{FAE04EC0-301F-11D3-BF4B-00C04F79EFBC}") = "Game", "Game\Game.csproj", "{F1BFFC0F-69F2-4F1A-9944-258141EFE7F2}"
EndProject
Project("{FAE04EC0-301F-11D3-BF4B-00C04F79EFBC}") = "Testing_game", "Testing_game\Testing_game.csproj", "{27BA2B39-7102-4BE6-9B0B-A2E6D903BB79}"
EndProject
Global
	GlobalSection(SolutionConfigurationPlatforms) = preSolution
		Debug|Any CPU = Debug|Any CPU
		Release|Any CPU = Release|Any CPU
	EndGlobalSection
	GlobalSection(ProjectConfigurationPlatforms) = postSolution
		{F1BFFC0F-69F2-4F1A-9944-258141EFE7F2}.Debug|Any CPU.ActiveCfg = Debug|Any CPU
		{F1BFFC0F-69F2-4F1A-9944-258141EFE7F2}.Debug|Any CPU.Build.0 = Debug|Any CPU
		{F1BFFC0F-69F2-4F1A-9944-258141EFE7F2}.Release|Any CPU.ActiveCfg = Release|Any CPU
		{F1BFFC0F-69F2-4F1A-9944-258141EFE7F2}.Release|Any CPU.Build.0 = Release|Any CPU
		{27BA2B39-7102-4BE6-9B0B-A2E6D903BB79}.Debug|Any CPU.ActiveCfg = Debug|Any CPU
		{27BA2B39-7102-4BE6-9B0B-A2E6D903BB79}.Debug|Any CPU.Build.0 = Debug|Any CPU
		{27BA2B39-7102-4BE6-9B0B-A2E6D903BB79}.Release|Any CPU.ActiveCfg = Release|Any CPU
		{27BA2B39-7102-4BE6-9B0B-A2E6D903BB79}.Release|Any CPU.Build.0 = Release|Any CPU
	EndGlobalSection
	GlobalSection(SolutionProperties) = preSolution
		HideSolutionNode = FALSE
	EndGlobalSection
	GlobalSection(ExtensibilityGlobals) = postSolution
		SolutionGuid = {B7FD1B2A-421C-40EC-87F2-6B9B963039F1}
	EndGlobalSection
EndGlobal
